
Microsoft Visual Studio Solution File, Format Version 12.00
# Visual Studio Version 17
VisualStudioVersion = 17.5.33516.290
MinimumVisualStudioVersion = 10.0.40219.1
Project("{FAE04EC0-301F-11D3-BF4B-00C04F79EFBC}") = "LibraryWebApp", "LibraryWebApp\LibraryWebApp.csproj", "{93AA70BC-C102-41B5-BD8D-09EF67E9F83E}"
EndProject
Global
	GlobalSection(SolutionConfigurationPlatforms) = preSolution
		Debug|Any CPU = Debug|Any CPU
		Release|Any CPU = Release|Any CPU
	EndGlobalSection
	GlobalSection(ProjectConfigurationPlatforms) = postSolution
		{93AA70BC-C102-41B5-BD8D-09EF67E9F83E}.Debug|Any CPU.ActiveCfg = Debug|Any CPU
		{93AA70BC-C102-41B5-BD8D-09EF67E9F83E}.Debug|Any CPU.Build.0 = Debug|Any CPU
		{93AA70BC-C102-41B5-BD8D-09EF67E9F83E}.Release|Any CPU.ActiveCfg = Release|Any CPU
		{93AA70BC-C102-41B5-BD8D-09EF67E9F83E}.Release|Any CPU.Build.0 = Release|Any CPU
	EndGlobalSection
	GlobalSection(SolutionProperties) = preSolution
		HideSolutionNode = FALSE
	EndGlobalSection
	GlobalSection(ExtensibilityGlobals) = postSolution
		SolutionGuid = {AA1E807C-C653-4068-A71C-327E2E82F4E2}
	EndGlobalSection
EndGlobal
